<?xml version="1.0" encoding="utf-8"?>
<Project ToolsVersion="4.0" xmlns="http://schemas.microsoft.com/developer/msbuild/2003">
  <ItemGroup>
    <Filter Include="Source Files">
      <UniqueIdentifier>{4FC737F1-C7A5-4376-A066-2A32D752A2FF}</UniqueIdentifier>
      <Extensions>cpp;c;cc;cxx;c++;cppm;ixx;def;odl;idl;hpj;bat;asm;asmx</Extensions>
    </Filter>
    <Filter Include="Header Files">
      <UniqueIdentifier>{93995380-89BD-4b04-88EB-625FBE52EBFB}</UniqueIdentifier>
      <Extensions>h;hh;hpp;hxx;h++;hm;inl;inc;ipp;xsd</Extensions>
    </Filter>
    <Filter Include="Resource Files">
      <UniqueIdentifier>{67DA6AB6-F800-4c08-8B7A-83BB121AAD01}</UniqueIdentifier>
      <Extensions>rc;ico;cur;bmp;dlg;rc2;rct;bin;rgs;gif;jpg;jpeg;jpe;resx;tiff;tif;png;wav;mfcribbon-ms</Extensions>
    </Filter>
  </ItemGroup>
  <ItemGroup>
    <ClCompile Include="src\Game\Main.cpp">
      <Filter>Source Files</Filter>
    </ClCompile>
    <ClCompile Include="src\GraphicsEngine\Core\Window.cpp">
      <Filter>Source Files</Filter>
    </ClCompile>
    <ClCompile Include="src\Game\Game.cpp">
      <Filter>Source Files</Filter>
    </ClCompile>
    <ClCompile Include="src\GraphicsEngine\Core\Shader.cpp">
      <Filter>Source Files</Filter>
    </ClCompile>
    <ClCompile Include="src\Game\Board.cpp">
      <Filter>Source Files</Filter>
    </ClCompile>
    <ClCompile Include="src\GraphicsEngine\Core\Drawable.cpp">
      <Filter>Source Files</Filter>
    </ClCompile>
    <ClCompile Include="src\GraphicsEngine\Components\Sprite.cpp">
      <Filter>Source Files</Filter>
    </ClCompile>
    <ClCompile Include="src\GraphicsEngine\Core\SpriteRenderer.cpp">
      <Filter>Source Files</Filter>
    </ClCompile>
    <ClCompile Include="src\Game\Pieces\BaseChessPiece.cpp">
      <Filter>Source Files</Filter>
    </ClCompile>
    <ClCompile Include="src\Game\Pieces\King.cpp">
      <Filter>Source Files</Filter>
    </ClCompile>
    <ClCompile Include="src\Game\Pieces\Queen.cpp">
      <Filter>Source Files</Filter>
    </ClCompile>
    <ClCompile Include="src\Game\Pieces\Bishop.cpp">
      <Filter>Source Files</Filter>
    </ClCompile>
    <ClCompile Include="src\Game\Pieces\Knight.cpp">
      <Filter>Source Files</Filter>
    </ClCompile>
    <ClCompile Include="src\Game\Pieces\Rook.cpp">
      <Filter>Source Files</Filter>
    </ClCompile>
    <ClCompile Include="src\Game\Pieces\Pawn.cpp">
      <Filter>Source Files</Filter>
    </ClCompile>
  </ItemGroup>
  <ItemGroup>
    <ClInclude Include="src\GraphicsEngine\Core\Window.h">
      <Filter>Header Files</Filter>
    </ClInclude>
    <ClInclude Include="src\Game\Game.h">
      <Filter>Header Files</Filter>
    </ClInclude>
    <ClInclude Include="src\Game\Input.h">
      <Filter>Header Files</Filter>
    </ClInclude>
    <ClInclude Include="src\GraphicsEngine\Core\Shader.h">
      <Filter>Header Files</Filter>
    </ClInclude>
    <ClInclude Include="src\GraphicsEngine\Core\Macros.h">
      <Filter>Header Files</Filter>
    </ClInclude>
    <ClInclude Include="src\GraphicsEngine\Components\Camera.h">
      <Filter>Header Files</Filter>
    </ClInclude>
    <ClInclude Include="src\GraphicsEngine\Core\Drawable.h">
      <Filter>Header Files</Filter>
    </ClInclude>
    <ClInclude Include="src\Game\Board.h">
      <Filter>Header Files</Filter>
    </ClInclude>
    <ClInclude Include="src\GraphicsEngine\Components\Sprite.h">
      <Filter>Header Files</Filter>
    </ClInclude>
    <ClInclude Include="src\GraphicsEngine\Core\SpriteRenderer.h">
      <Filter>Header Files</Filter>
    </ClInclude>
    <ClInclude Include="src\GraphicsEngine\Core\Dependencies\stb_image.h">
      <Filter>Header Files</Filter>
    </ClInclude>
    <ClInclude Include="src\GraphicsEngine\Components\BasePiece.h">
      <Filter>Header Files</Filter>
    </ClInclude>
    <ClInclude Include="src\Game\Pieces\BaseChessPiece.h">
      <Filter>Header Files</Filter>
    </ClInclude>
    <ClInclude Include="src\Game\Pieces\King.h">
      <Filter>Header Files</Filter>
    </ClInclude>
    <ClInclude Include="src\Game\Pieces\Queen.h">
      <Filter>Header Files</Filter>
    </ClInclude>
    <ClInclude Include="src\Game\Pieces\Bishop.h">
      <Filter>Header Files</Filter>
    </ClInclude>
    <ClInclude Include="src\Game\Pieces\Knight.h">
      <Filter>Header Files</Filter>
    </ClInclude>
    <ClInclude Include="src\Game\Pieces\Rook.h">
      <Filter>Header Files</Filter>
    </ClInclude>
    <ClInclude Include="src\Game\Pieces\Pawn.h">
      <Filter>Header Files</Filter>
    </ClInclude>
  </ItemGroup>
  <ItemGroup>
    <Text Include="src\GraphicsEngine\Shaders\Vertex\BoardVertex.txt" />
    <Text Include="src\GraphicsEngine\Shaders\Frag\BoardFrag.txt" />
    <Text Include="src\GraphicsEngine\Shaders\Frag\SpriteFrag.txt" />
    <Text Include="src\GraphicsEngine\Shaders\Vertex\SpriteVert.txt" />
  </ItemGroup>
  <ItemGroup>
    <Image Include="src\Game\Textures\8BitPieces.png">
      <Filter>Resource Files</Filter>
    </Image>
  </ItemGroup>
</Project>